
Microsoft Visual Studio Solution File, Format Version 12.00
# Visual Studio Version 16
VisualStudioVersion = 16.0.31911.196
MinimumVisualStudioVersion = 10.0.40219.1
Project("{888888A0-9F3D-457C-B088-3A5042F75D52}") = "JensenApp", "CV-APPpy\JensenApp.pyproj", "{97C8BCA9-32E0-41CF-AA40-819858B11502}"
EndProject
Global
	GlobalSection(SolutionConfigurationPlatforms) = preSolution
		Debug|Any CPU = Debug|Any CPU
		Release|Any CPU = Release|Any CPU
	EndGlobalSection
	GlobalSection(ProjectConfigurationPlatforms) = postSolution
		{97C8BCA9-32E0-41CF-AA40-819858B11502}.Debug|Any CPU.ActiveCfg = Debug|Any CPU
		{97C8BCA9-32E0-41CF-AA40-819858B11502}.Debug|Any CPU.Build.0 = Debug|Any CPU
		{97C8BCA9-32E0-41CF-AA40-819858B11502}.Release|Any CPU.ActiveCfg = Release|Any CPU
		{97C8BCA9-32E0-41CF-AA40-819858B11502}.Release|Any CPU.Build.0 = Release|Any CPU
	EndGlobalSection
	GlobalSection(SolutionProperties) = preSolution
		HideSolutionNode = FALSE
	EndGlobalSection
	GlobalSection(ExtensibilityGlobals) = postSolution
		SolutionGuid = {4462E5CB-1728-40C8-8293-3BF426146738}
	EndGlobalSection
EndGlobal
